
Microsoft Visual Studio Solution File, Format Version 12.00
# Visual Studio Version 17
VisualStudioVersion = 17.1.32407.343
MinimumVisualStudioVersion = 10.0.40219.1
Project("{FAE04EC0-301F-11D3-BF4B-00C04F79EFBC}") = "framer", "framer.csproj", "{9B043E49-E58D-4856-8EFB-7D5424EF9ACD}"
EndProject
Global
	GlobalSection(SolutionConfigurationPlatforms) = preSolution
		Debug|Any CPU = Debug|Any CPU
		Release|Any CPU = Release|Any CPU
	EndGlobalSection
	GlobalSection(ProjectConfigurationPlatforms) = postSolution
		{9B043E49-E58D-4856-8EFB-7D5424EF9ACD}.Debug|Any CPU.ActiveCfg = Debug|Any CPU
		{9B043E49-E58D-4856-8EFB-7D5424EF9ACD}.Debug|Any CPU.Build.0 = Debug|Any CPU
		{9B043E49-E58D-4856-8EFB-7D5424EF9ACD}.Release|Any CPU.ActiveCfg = Release|Any CPU
		{9B043E49-E58D-4856-8EFB-7D5424EF9ACD}.Release|Any CPU.Build.0 = Release|Any CPU
	EndGlobalSection
	GlobalSection(SolutionProperties) = preSolution
		HideSolutionNode = FALSE
	EndGlobalSection
	GlobalSection(ExtensibilityGlobals) = postSolution
		SolutionGuid = {9253C11B-14BA-46C4-B87C-3B5556438428}
	EndGlobalSection
EndGlobal
